<?xml version="1.0" encoding="utf-8"?>
<Project ToolsVersion="4.0" xmlns="http://schemas.microsoft.com/developer/msbuild/2003">
  <ItemGroup>
    <Filter Include="Исходные файлы">
      <UniqueIdentifier>{4FC737F1-C7A5-4376-A066-2A32D752A2FF}</UniqueIdentifier>
      <Extensions>cpp;c;cc;cxx;c++;cppm;ixx;def;odl;idl;hpj;bat;asm;asmx</Extensions>
    </Filter>
    <Filter Include="Файлы заголовков">
      <UniqueIdentifier>{93995380-89BD-4b04-88EB-625FBE52EBFB}</UniqueIdentifier>
      <Extensions>h;hh;hpp;hxx;h++;hm;inl;inc;ipp;xsd</Extensions>
    </Filter>
    <Filter Include="Файлы ресурсов">
      <UniqueIdentifier>{67DA6AB6-F800-4c08-8B7A-83BB121AAD01}</UniqueIdentifier>
      <Extensions>rc;ico;cur;bmp;dlg;rc2;rct;bin;rgs;gif;jpg;jpeg;jpe;resx;tiff;tif;png;wav;mfcribbon-ms</Extensions>
    </Filter>
    <Filter Include="Static Components">
      <UniqueIdentifier>{3a4a45d2-4436-483e-ad87-58f527c2644d}</UniqueIdentifier>
    </Filter>
    <Filter Include="Static Components\System">
      <UniqueIdentifier>{f12a447c-9533-454e-befb-5fc1aeb41098}</UniqueIdentifier>
    </Filter>
    <Filter Include="Static Components\Math">
      <UniqueIdentifier>{b1da9579-b429-4445-8049-668b74bb9452}</UniqueIdentifier>
    </Filter>
    <Filter Include="Static Components\Logic">
      <UniqueIdentifier>{6bff65fc-e85c-4e6a-9d74-1259b161ec54}</UniqueIdentifier>
    </Filter>
    <Filter Include="Static Components\System\Language">
      <UniqueIdentifier>{5135ef97-53ed-4637-9480-6a84951e6926}</UniqueIdentifier>
    </Filter>
    <Filter Include="Static Components\System\Data type">
      <UniqueIdentifier>{b86b3d09-041f-409d-8385-3d286d21b66c}</UniqueIdentifier>
    </Filter>
    <Filter Include="UserInteface">
      <UniqueIdentifier>{c1678d6a-9a7e-4cb4-a7a0-9c2f8b2330ab}</UniqueIdentifier>
    </Filter>
    <Filter Include="UserInteface\header">
      <UniqueIdentifier>{5f9b7531-323b-48e1-9b36-7d47fd53f2cf}</UniqueIdentifier>
    </Filter>
    <Filter Include="UserInteface\cpp">
      <UniqueIdentifier>{2a9a6837-2b87-40fd-8587-fb733567318a}</UniqueIdentifier>
    </Filter>
  </ItemGroup>
  <ItemGroup>
    <ClCompile Include="Source.cpp">
      <Filter>Исходные файлы</Filter>
    </ClCompile>
    <ClCompile Include="WorkSpace.cpp">
      <Filter>Исходные файлы</Filter>
    </ClCompile>
    <ClCompile Include="LuaRunner.cpp">
      <Filter>Исходные файлы</Filter>
    </ClCompile>
    <ClCompile Include="FontLoad.cpp">
      <Filter>Исходные файлы</Filter>
    </ClCompile>
    <ClCompile Include="TextPrint.cpp">
      <Filter>Исходные файлы</Filter>
    </ClCompile>
    <ClCompile Include="UIButton.cpp">
      <Filter>UserInteface\cpp</Filter>
    </ClCompile>
    <ClCompile Include="UIElement.cpp">
      <Filter>UserInteface\cpp</Filter>
    </ClCompile>
    <ClCompile Include="UIList.cpp">
      <Filter>UserInteface\cpp</Filter>
    </ClCompile>
    <ClCompile Include="UIListElement.cpp">
      <Filter>UserInteface\cpp</Filter>
    </ClCompile>
    <ClCompile Include="UIText.cpp">
      <Filter>UserInteface\cpp</Filter>
    </ClCompile>
    <ClCompile Include="UserInterface.cpp">
      <Filter>UserInteface\cpp</Filter>
    </ClCompile>
    <ClCompile Include="Event.cpp">
      <Filter>Исходные файлы</Filter>
    </ClCompile>
    <ClCompile Include="S_Window.cpp">
      <Filter>Исходные файлы</Filter>
    </ClCompile>
    <ClCompile Include="BaseElement.cpp">
      <Filter>Исходные файлы</Filter>
    </ClCompile>
    <ClCompile Include="Port.cpp">
      <Filter>Исходные файлы</Filter>
    </ClCompile>
  </ItemGroup>
  <ItemGroup>
    <ClInclude Include="S_Window.h">
      <Filter>Файлы заголовков</Filter>
    </ClInclude>
    <ClInclude Include="Event.h">
      <Filter>Файлы заголовков</Filter>
    </ClInclude>
    <ClInclude Include="WorkSpace.h">
      <Filter>Файлы заголовков</Filter>
    </ClInclude>
    <ClInclude Include="LuaRunner.h">
      <Filter>Файлы заголовков</Filter>
    </ClInclude>
    <ClInclude Include="FontLoad.h">
      <Filter>Файлы заголовков</Filter>
    </ClInclude>
    <ClInclude Include="TextPrint.h">
      <Filter>Файлы заголовков</Filter>
    </ClInclude>
    <ClInclude Include="Utils.hpp">
      <Filter>Файлы заголовков</Filter>
    </ClInclude>
    <ClInclude Include="UIButton.h">
      <Filter>UserInteface\header</Filter>
    </ClInclude>
    <ClInclude Include="UIElement.h">
      <Filter>UserInteface\header</Filter>
    </ClInclude>
    <ClInclude Include="UIList.h">
      <Filter>UserInteface\header</Filter>
    </ClInclude>
    <ClInclude Include="UIListElement.h">
      <Filter>UserInteface\header</Filter>
    </ClInclude>
    <ClInclude Include="UIText.h">
      <Filter>UserInteface\header</Filter>
    </ClInclude>
    <ClInclude Include="UserInterface.h">
      <Filter>UserInteface\header</Filter>
    </ClInclude>
    <ClInclude Include="BaseElement.h">
      <Filter>Файлы заголовков</Filter>
    </ClInclude>
    <ClInclude Include="Port.h">
      <Filter>Файлы заголовков</Filter>
    </ClInclude>
  </ItemGroup>
</Project>